
Microsoft Visual Studio Solution File, Format Version 12.00
# Visual Studio Version 17
VisualStudioVersion = 17.0.31903.59
MinimumVisualStudioVersion = 10.0.40219.1
Project("{2150E333-8FDC-42A3-9474-1A3956D46DE8}") = "src", "src", "{B961BB1A-129B-43D4-8C40-E8CA5FD28F3D}"
EndProject
Project("{FAE04EC0-301F-11D3-BF4B-00C04F79EFBC}") = "PCCCEmulator", "src\PCCCEmulator\PCCCEmulator.csproj", "{011901A3-4B16-471D-960E-19FE8302E3EB}"
EndProject
Project("{FAE04EC0-301F-11D3-BF4B-00C04F79EFBC}") = "PCCCComm", "src\PCCCComm\PCCCComm.csproj", "{3E89A556-D232-4165-84C1-2641FFB1B324}"
EndProject
Project("{FAE04EC0-301F-11D3-BF4B-00C04F79EFBC}") = "Example", "src\Example\Example.csproj", "{B80907CB-24FA-47E3-BB9C-F239C01C62F2}"
EndProject
Project("{FAE04EC0-301F-11D3-BF4B-00C04F79EFBC}") = "PCCCImageTool", "src\PCCCImageTool\PCCCImageTool.csproj", "{E102C9AA-A430-4B5A-A53A-02E1BF754B51}"
EndProject
Global
	GlobalSection(SolutionConfigurationPlatforms) = preSolution
		Debug|Any CPU = Debug|Any CPU
		Release|Any CPU = Release|Any CPU
	EndGlobalSection
	GlobalSection(ProjectConfigurationPlatforms) = postSolution
		{011901A3-4B16-471D-960E-19FE8302E3EB}.Debug|Any CPU.ActiveCfg = Debug|Any CPU
		{011901A3-4B16-471D-960E-19FE8302E3EB}.Debug|Any CPU.Build.0 = Debug|Any CPU
		{011901A3-4B16-471D-960E-19FE8302E3EB}.Release|Any CPU.ActiveCfg = Release|Any CPU
		{011901A3-4B16-471D-960E-19FE8302E3EB}.Release|Any CPU.Build.0 = Release|Any CPU
		{3E89A556-D232-4165-84C1-2641FFB1B324}.Debug|Any CPU.ActiveCfg = Debug|Any CPU
		{3E89A556-D232-4165-84C1-2641FFB1B324}.Debug|Any CPU.Build.0 = Debug|Any CPU
		{3E89A556-D232-4165-84C1-2641FFB1B324}.Release|Any CPU.ActiveCfg = Release|Any CPU
		{3E89A556-D232-4165-84C1-2641FFB1B324}.Release|Any CPU.Build.0 = Release|Any CPU
		{B80907CB-24FA-47E3-BB9C-F239C01C62F2}.Debug|Any CPU.ActiveCfg = Debug|Any CPU
		{B80907CB-24FA-47E3-BB9C-F239C01C62F2}.Debug|Any CPU.Build.0 = Debug|Any CPU
		{B80907CB-24FA-47E3-BB9C-F239C01C62F2}.Release|Any CPU.ActiveCfg = Release|Any CPU
		{B80907CB-24FA-47E3-BB9C-F239C01C62F2}.Release|Any CPU.Build.0 = Release|Any CPU
		{E102C9AA-A430-4B5A-A53A-02E1BF754B51}.Debug|Any CPU.ActiveCfg = Debug|Any CPU
		{E102C9AA-A430-4B5A-A53A-02E1BF754B51}.Debug|Any CPU.Build.0 = Debug|Any CPU
		{E102C9AA-A430-4B5A-A53A-02E1BF754B51}.Release|Any CPU.ActiveCfg = Release|Any CPU
		{E102C9AA-A430-4B5A-A53A-02E1BF754B51}.Release|Any CPU.Build.0 = Release|Any CPU
	EndGlobalSection
	GlobalSection(SolutionProperties) = preSolution
		HideSolutionNode = FALSE
	EndGlobalSection
	GlobalSection(NestedProjects) = preSolution
		{011901A3-4B16-471D-960E-19FE8302E3EB} = {B961BB1A-129B-43D4-8C40-E8CA5FD28F3D}
		{3E89A556-D232-4165-84C1-2641FFB1B324} = {B961BB1A-129B-43D4-8C40-E8CA5FD28F3D}
		{B80907CB-24FA-47E3-BB9C-F239C01C62F2} = {B961BB1A-129B-43D4-8C40-E8CA5FD28F3D}
		{E102C9AA-A430-4B5A-A53A-02E1BF754B51} = {B961BB1A-129B-43D4-8C40-E8CA5FD28F3D}
	EndGlobalSection
EndGlobal
